# This file is autogenerated, do not edit; changes may be undone by the next 'dep ensure'.


[[projects]]
  name = "github.com/m0t0k1ch1/go-slack-poster"
  packages = ["."]
  revision = "9c3f8e6791a44e62b70a0dc37ed6c26c37bdce41"
  version = "v0.2.0"

[solve-meta]
  analyzer-name = "dep"
  analyzer-version = 1
  inputs-digest = "d0acf3a6b6ed355b044610285aa0fa954815d43dea23c06727a1e797685c097e"
  solver-name = "gps-cdcl"
  solver-version = 1
